
Microsoft Visual Studio Solution File, Format Version 12.00
# Visual Studio Version 16
VisualStudioVersion = 16.0.32901.82
MinimumVisualStudioVersion = 10.0.40219.1
Project("{FAE04EC0-301F-11D3-BF4B-00C04F79EFBC}") = "day7", "day7\day7.csproj", "{BDB4C386-951A-48E8-A45B-AE83DF3EF0DE}"
EndProject
Global
	GlobalSection(SolutionConfigurationPlatforms) = preSolution
		Debug|Any CPU = Debug|Any CPU
		Release|Any CPU = Release|Any CPU
	EndGlobalSection
	GlobalSection(ProjectConfigurationPlatforms) = postSolution
		{BDB4C386-951A-48E8-A45B-AE83DF3EF0DE}.Debug|Any CPU.ActiveCfg = Debug|Any CPU
		{BDB4C386-951A-48E8-A45B-AE83DF3EF0DE}.Debug|Any CPU.Build.0 = Debug|Any CPU
		{BDB4C386-951A-48E8-A45B-AE83DF3EF0DE}.Release|Any CPU.ActiveCfg = Release|Any CPU
		{BDB4C386-951A-48E8-A45B-AE83DF3EF0DE}.Release|Any CPU.Build.0 = Release|Any CPU
	EndGlobalSection
	GlobalSection(SolutionProperties) = preSolution
		HideSolutionNode = FALSE
	EndGlobalSection
	GlobalSection(ExtensibilityGlobals) = postSolution
		SolutionGuid = {25FBE762-DC17-464B-B1CD-9873389EECDA}
	EndGlobalSection
EndGlobal
