
Microsoft Visual Studio Solution File, Format Version 12.00
# Visual Studio Version 16
VisualStudioVersion = 16.0.32901.82
MinimumVisualStudioVersion = 10.0.40219.1
Project("{FAE04EC0-301F-11D3-BF4B-00C04F79EFBC}") = "Retest", "Retest\Retest.csproj", "{976BFCCB-A2E6-45CE-80F2-ED8715A3B01B}"
EndProject
Global
	GlobalSection(SolutionConfigurationPlatforms) = preSolution
		Debug|Any CPU = Debug|Any CPU
		Release|Any CPU = Release|Any CPU
	EndGlobalSection
	GlobalSection(ProjectConfigurationPlatforms) = postSolution
		{976BFCCB-A2E6-45CE-80F2-ED8715A3B01B}.Debug|Any CPU.ActiveCfg = Debug|Any CPU
		{976BFCCB-A2E6-45CE-80F2-ED8715A3B01B}.Debug|Any CPU.Build.0 = Debug|Any CPU
		{976BFCCB-A2E6-45CE-80F2-ED8715A3B01B}.Release|Any CPU.ActiveCfg = Release|Any CPU
		{976BFCCB-A2E6-45CE-80F2-ED8715A3B01B}.Release|Any CPU.Build.0 = Release|Any CPU
	EndGlobalSection
	GlobalSection(SolutionProperties) = preSolution
		HideSolutionNode = FALSE
	EndGlobalSection
	GlobalSection(ExtensibilityGlobals) = postSolution
		SolutionGuid = {7B06F1DF-C54D-411A-8A96-256CAC7EF100}
	EndGlobalSection
EndGlobal
