
Microsoft Visual Studio Solution File, Format Version 12.00
# Visual Studio Version 16
VisualStudioVersion = 16.0.32901.82
MinimumVisualStudioVersion = 10.0.40219.1
Project("{FAE04EC0-301F-11D3-BF4B-00C04F79EFBC}") = "assignment5", "assignment5\assignment5.csproj", "{6FF557AA-CDCB-46A4-9E85-DB3A86F4D716}"
EndProject
Global
	GlobalSection(SolutionConfigurationPlatforms) = preSolution
		Debug|Any CPU = Debug|Any CPU
		Release|Any CPU = Release|Any CPU
	EndGlobalSection
	GlobalSection(ProjectConfigurationPlatforms) = postSolution
		{6FF557AA-CDCB-46A4-9E85-DB3A86F4D716}.Debug|Any CPU.ActiveCfg = Debug|Any CPU
		{6FF557AA-CDCB-46A4-9E85-DB3A86F4D716}.Debug|Any CPU.Build.0 = Debug|Any CPU
		{6FF557AA-CDCB-46A4-9E85-DB3A86F4D716}.Release|Any CPU.ActiveCfg = Release|Any CPU
		{6FF557AA-CDCB-46A4-9E85-DB3A86F4D716}.Release|Any CPU.Build.0 = Release|Any CPU
	EndGlobalSection
	GlobalSection(SolutionProperties) = preSolution
		HideSolutionNode = FALSE
	EndGlobalSection
	GlobalSection(ExtensibilityGlobals) = postSolution
		SolutionGuid = {0CF8B771-011B-4CA7-8039-B7FB8FF37A61}
	EndGlobalSection
EndGlobal
