
Microsoft Visual Studio Solution File, Format Version 12.00
# Visual Studio Version 16
VisualStudioVersion = 16.0.32901.82
MinimumVisualStudioVersion = 10.0.40219.1
Project("{FAE04EC0-301F-11D3-BF4B-00C04F79EFBC}") = "program3", "program3.csproj", "{48330F8C-BFB4-4063-9B6E-3795404D7DF7}"
EndProject
Global
	GlobalSection(SolutionConfigurationPlatforms) = preSolution
		Debug|Any CPU = Debug|Any CPU
		Release|Any CPU = Release|Any CPU
	EndGlobalSection
	GlobalSection(ProjectConfigurationPlatforms) = postSolution
		{48330F8C-BFB4-4063-9B6E-3795404D7DF7}.Debug|Any CPU.ActiveCfg = Debug|Any CPU
		{48330F8C-BFB4-4063-9B6E-3795404D7DF7}.Debug|Any CPU.Build.0 = Debug|Any CPU
		{48330F8C-BFB4-4063-9B6E-3795404D7DF7}.Release|Any CPU.ActiveCfg = Release|Any CPU
		{48330F8C-BFB4-4063-9B6E-3795404D7DF7}.Release|Any CPU.Build.0 = Release|Any CPU
	EndGlobalSection
	GlobalSection(SolutionProperties) = preSolution
		HideSolutionNode = FALSE
	EndGlobalSection
	GlobalSection(ExtensibilityGlobals) = postSolution
		SolutionGuid = {8B05E69C-7FE9-4D8B-B1B9-99C1DF5B9556}
	EndGlobalSection
EndGlobal
